<Solution>
  <Configurations>
    <Platform Name="ARM64" />
    <Platform Name="x64" />
  </Configurations>
  <Folder Name="/Solution Items/">
    <File Path=".editorconfig" />
    <File Path="Common.Dotnet.CsWinRT.props" />
  </Folder>
  <Project Path="GitHubExtension.Test/GitHubExtension.Test.csproj">
    <Platform Solution="*|ARM64" Project="arm64" />
    <Platform Solution="*|x64" Project="x64" />
  </Project>
  <Project Path="GitHubExtension/GitHubExtension.csproj">
    <Platform Solution="*|ARM64" Project="ARM64" />
    <Platform Solution="*|x64" Project="x64" />
    <Deploy />
  </Project>
</Solution>
