
Microsoft Visual Studio Solution File, Format Version 12.00
# Visual Studio Version 17
VisualStudioVersion = 17.12.35514.174
MinimumVisualStudioVersion = 10.0.40219.1
Project("{FAE04EC0-301F-11D3-BF4B-00C04F79EFBC}") = "GitHubExtension", "GitHubExtension\GitHubExtension.csproj", "{3CFB67D2-224C-4A58-B501-E55D98B8744B}"
EndProject
Project("{2150E333-8FDC-42A3-9474-1A3956D46DE8}") = "Solution Items", "Solution Items", "{CA3206AE-B6CE-4CF2-A563-3DF0D4F8F72A}"
	ProjectSection(SolutionItems) = preProject
		Common.Dotnet.CsWinRT.props = Common.Dotnet.CsWinRT.props
	EndProjectSection
EndProject
Project("{C7167F0D-BC9F-4E6E-AFE1-012C56B48DB5}") = "GitHubExtensionPackage", "GitHubExtensionPackage\GitHubExtensionPackage.wapproj", "{72E8BB56-AB6B-45AA-913B-F04273445419}"
EndProject
Global
	GlobalSection(SolutionConfigurationPlatforms) = preSolution
		Debug|Any CPU = Debug|Any CPU
		Debug|ARM = Debug|ARM
		Debug|ARM64 = Debug|ARM64
		Debug|x64 = Debug|x64
		Debug|x86 = Debug|x86
		Release|Any CPU = Release|Any CPU
		Release|ARM = Release|ARM
		Release|ARM64 = Release|ARM64
		Release|x64 = Release|x64
		Release|x86 = Release|x86
	EndGlobalSection
	GlobalSection(ProjectConfigurationPlatforms) = postSolution
		{3CFB67D2-224C-4A58-B501-E55D98B8744B}.Debug|Any CPU.ActiveCfg = Debug|Any CPU
		{3CFB67D2-224C-4A58-B501-E55D98B8744B}.Debug|Any CPU.Build.0 = Debug|Any CPU
		{3CFB67D2-224C-4A58-B501-E55D98B8744B}.Debug|Any CPU.Deploy.0 = Debug|Any CPU
		{3CFB67D2-224C-4A58-B501-E55D98B8744B}.Debug|ARM.ActiveCfg = Debug|Any CPU
		{3CFB67D2-224C-4A58-B501-E55D98B8744B}.Debug|ARM.Build.0 = Debug|Any CPU
		{3CFB67D2-224C-4A58-B501-E55D98B8744B}.Debug|ARM64.ActiveCfg = Debug|ARM64
		{3CFB67D2-224C-4A58-B501-E55D98B8744B}.Debug|ARM64.Build.0 = Debug|ARM64
		{3CFB67D2-224C-4A58-B501-E55D98B8744B}.Debug|ARM64.Deploy.0 = Debug|ARM64
		{3CFB67D2-224C-4A58-B501-E55D98B8744B}.Debug|x64.ActiveCfg = Debug|x64
		{3CFB67D2-224C-4A58-B501-E55D98B8744B}.Debug|x64.Build.0 = Debug|x64
		{3CFB67D2-224C-4A58-B501-E55D98B8744B}.Debug|x64.Deploy.0 = Debug|x64
		{3CFB67D2-224C-4A58-B501-E55D98B8744B}.Debug|x86.ActiveCfg = Debug|x86
		{3CFB67D2-224C-4A58-B501-E55D98B8744B}.Debug|x86.Build.0 = Debug|x86
		{3CFB67D2-224C-4A58-B501-E55D98B8744B}.Debug|x86.Deploy.0 = Debug|x86
		{3CFB67D2-224C-4A58-B501-E55D98B8744B}.Release|Any CPU.ActiveCfg = Release|Any CPU
		{3CFB67D2-224C-4A58-B501-E55D98B8744B}.Release|Any CPU.Build.0 = Release|Any CPU
		{3CFB67D2-224C-4A58-B501-E55D98B8744B}.Release|Any CPU.Deploy.0 = Release|Any CPU
		{3CFB67D2-224C-4A58-B501-E55D98B8744B}.Release|ARM.ActiveCfg = Release|Any CPU
		{3CFB67D2-224C-4A58-B501-E55D98B8744B}.Release|ARM.Build.0 = Release|Any CPU
		{3CFB67D2-224C-4A58-B501-E55D98B8744B}.Release|ARM64.ActiveCfg = Release|ARM64
		{3CFB67D2-224C-4A58-B501-E55D98B8744B}.Release|ARM64.Build.0 = Release|ARM64
		{3CFB67D2-224C-4A58-B501-E55D98B8744B}.Release|ARM64.Deploy.0 = Release|ARM64
		{3CFB67D2-224C-4A58-B501-E55D98B8744B}.Release|x64.ActiveCfg = Release|x64
		{3CFB67D2-224C-4A58-B501-E55D98B8744B}.Release|x64.Build.0 = Release|x64
		{3CFB67D2-224C-4A58-B501-E55D98B8744B}.Release|x64.Deploy.0 = Release|x64
		{3CFB67D2-224C-4A58-B501-E55D98B8744B}.Release|x86.ActiveCfg = Release|x86
		{3CFB67D2-224C-4A58-B501-E55D98B8744B}.Release|x86.Build.0 = Release|x86
		{3CFB67D2-224C-4A58-B501-E55D98B8744B}.Release|x86.Deploy.0 = Release|x86
		{72E8BB56-AB6B-45AA-913B-F04273445419}.Debug|Any CPU.ActiveCfg = Debug|Any CPU
		{72E8BB56-AB6B-45AA-913B-F04273445419}.Debug|Any CPU.Build.0 = Debug|Any CPU
		{72E8BB56-AB6B-45AA-913B-F04273445419}.Debug|Any CPU.Deploy.0 = Debug|Any CPU
		{72E8BB56-AB6B-45AA-913B-F04273445419}.Debug|ARM.ActiveCfg = Debug|ARM
		{72E8BB56-AB6B-45AA-913B-F04273445419}.Debug|ARM.Build.0 = Debug|ARM
		{72E8BB56-AB6B-45AA-913B-F04273445419}.Debug|ARM.Deploy.0 = Debug|ARM
		{72E8BB56-AB6B-45AA-913B-F04273445419}.Debug|ARM64.ActiveCfg = Debug|ARM64
		{72E8BB56-AB6B-45AA-913B-F04273445419}.Debug|ARM64.Build.0 = Debug|ARM64
		{72E8BB56-AB6B-45AA-913B-F04273445419}.Debug|ARM64.Deploy.0 = Debug|ARM64
		{72E8BB56-AB6B-45AA-913B-F04273445419}.Debug|x64.ActiveCfg = Debug|x64
		{72E8BB56-AB6B-45AA-913B-F04273445419}.Debug|x64.Build.0 = Debug|x64
		{72E8BB56-AB6B-45AA-913B-F04273445419}.Debug|x64.Deploy.0 = Debug|x64
		{72E8BB56-AB6B-45AA-913B-F04273445419}.Debug|x86.ActiveCfg = Debug|x86
		{72E8BB56-AB6B-45AA-913B-F04273445419}.Debug|x86.Build.0 = Debug|x86
		{72E8BB56-AB6B-45AA-913B-F04273445419}.Debug|x86.Deploy.0 = Debug|x86
		{72E8BB56-AB6B-45AA-913B-F04273445419}.Release|Any CPU.ActiveCfg = Release|Any CPU
		{72E8BB56-AB6B-45AA-913B-F04273445419}.Release|Any CPU.Build.0 = Release|Any CPU
		{72E8BB56-AB6B-45AA-913B-F04273445419}.Release|Any CPU.Deploy.0 = Release|Any CPU
		{72E8BB56-AB6B-45AA-913B-F04273445419}.Release|ARM.ActiveCfg = Release|ARM
		{72E8BB56-AB6B-45AA-913B-F04273445419}.Release|ARM.Build.0 = Release|ARM
		{72E8BB56-AB6B-45AA-913B-F04273445419}.Release|ARM.Deploy.0 = Release|ARM
		{72E8BB56-AB6B-45AA-913B-F04273445419}.Release|ARM64.ActiveCfg = Release|ARM64
		{72E8BB56-AB6B-45AA-913B-F04273445419}.Release|ARM64.Build.0 = Release|ARM64
		{72E8BB56-AB6B-45AA-913B-F04273445419}.Release|ARM64.Deploy.0 = Release|ARM64
		{72E8BB56-AB6B-45AA-913B-F04273445419}.Release|x64.ActiveCfg = Release|x64
		{72E8BB56-AB6B-45AA-913B-F04273445419}.Release|x64.Build.0 = Release|x64
		{72E8BB56-AB6B-45AA-913B-F04273445419}.Release|x64.Deploy.0 = Release|x64
		{72E8BB56-AB6B-45AA-913B-F04273445419}.Release|x86.ActiveCfg = Release|x86
		{72E8BB56-AB6B-45AA-913B-F04273445419}.Release|x86.Build.0 = Release|x86
		{72E8BB56-AB6B-45AA-913B-F04273445419}.Release|x86.Deploy.0 = Release|x86
	EndGlobalSection
	GlobalSection(SolutionProperties) = preSolution
		HideSolutionNode = FALSE
	EndGlobalSection
EndGlobal
